
Microsoft Visual Studio Solution File, Format Version 12.00
# Visual Studio 15
VisualStudioVersion = 15.0.28307.136
MinimumVisualStudioVersion = 10.0.40219.1
Project("{FAE04EC0-301F-11D3-BF4B-00C04F79EFBC}") = "Agenda.Project.Web", "Agenda.Project.Web\Agenda.Project.Web.csproj", "{052ACF8E-9644-451A-982C-33BCE44D4543}"
EndProject
Global
	GlobalSection(SolutionConfigurationPlatforms) = preSolution
		Debug|Any CPU = Debug|Any CPU
		Release|Any CPU = Release|Any CPU
	EndGlobalSection
	GlobalSection(ProjectConfigurationPlatforms) = postSolution
		{052ACF8E-9644-451A-982C-33BCE44D4543}.Debug|Any CPU.ActiveCfg = Debug|Any CPU
		{052ACF8E-9644-451A-982C-33BCE44D4543}.Debug|Any CPU.Build.0 = Debug|Any CPU
		{052ACF8E-9644-451A-982C-33BCE44D4543}.Release|Any CPU.ActiveCfg = Release|Any CPU
		{052ACF8E-9644-451A-982C-33BCE44D4543}.Release|Any CPU.Build.0 = Release|Any CPU
	EndGlobalSection
	GlobalSection(SolutionProperties) = preSolution
		HideSolutionNode = FALSE
	EndGlobalSection
	GlobalSection(ExtensibilityGlobals) = postSolution
		SolutionGuid = {47CAEE33-7955-4C18-BCEE-19DB994C8222}
	EndGlobalSection
EndGlobal
